
Microsoft Visual Studio Solution File, Format Version 12.00
# Visual Studio 15
VisualStudioVersion = 15.0.28010.0
MinimumVisualStudioVersion = 10.0.40219.1
Project("{FAE04EC0-301F-11D3-BF4B-00C04F79EFBC}") = "Evolution1", "Evolution1\Evolution1.csproj", "{F03282CE-B06F-40CB-AB63-2112204E977C}"
EndProject
Project("{9A19103F-16F7-4668-BE54-9A1E7A4F7556}") = "Model", "Model2\Model.csproj", "{2DD98C67-ED58-4792-AFA0-3B482B0D670F}"
EndProject
Project("{9A19103F-16F7-4668-BE54-9A1E7A4F7556}") = "TestModel", "TestModel2\TestModel.csproj", "{5EF045C9-F332-4912-9991-313A23A093B0}"
EndProject
Global
	GlobalSection(SolutionConfigurationPlatforms) = preSolution
		Debug|Any CPU = Debug|Any CPU
		Release|Any CPU = Release|Any CPU
	EndGlobalSection
	GlobalSection(ProjectConfigurationPlatforms) = postSolution
		{F03282CE-B06F-40CB-AB63-2112204E977C}.Debug|Any CPU.ActiveCfg = Debug|Any CPU
		{F03282CE-B06F-40CB-AB63-2112204E977C}.Debug|Any CPU.Build.0 = Debug|Any CPU
		{F03282CE-B06F-40CB-AB63-2112204E977C}.Release|Any CPU.ActiveCfg = Release|Any CPU
		{F03282CE-B06F-40CB-AB63-2112204E977C}.Release|Any CPU.Build.0 = Release|Any CPU
		{2DD98C67-ED58-4792-AFA0-3B482B0D670F}.Debug|Any CPU.ActiveCfg = Debug|Any CPU
		{2DD98C67-ED58-4792-AFA0-3B482B0D670F}.Debug|Any CPU.Build.0 = Debug|Any CPU
		{2DD98C67-ED58-4792-AFA0-3B482B0D670F}.Release|Any CPU.ActiveCfg = Release|Any CPU
		{2DD98C67-ED58-4792-AFA0-3B482B0D670F}.Release|Any CPU.Build.0 = Release|Any CPU
		{5EF045C9-F332-4912-9991-313A23A093B0}.Debug|Any CPU.ActiveCfg = Debug|Any CPU
		{5EF045C9-F332-4912-9991-313A23A093B0}.Debug|Any CPU.Build.0 = Debug|Any CPU
		{5EF045C9-F332-4912-9991-313A23A093B0}.Release|Any CPU.ActiveCfg = Release|Any CPU
		{5EF045C9-F332-4912-9991-313A23A093B0}.Release|Any CPU.Build.0 = Release|Any CPU
	EndGlobalSection
	GlobalSection(SolutionProperties) = preSolution
		HideSolutionNode = FALSE
	EndGlobalSection
	GlobalSection(ExtensibilityGlobals) = postSolution
		SolutionGuid = {8A7B528E-6764-4255-AAF1-E1CC14DE5872}
	EndGlobalSection
EndGlobal
